
Microsoft Visual Studio Solution File, Format Version 12.00
# Visual Studio Version 17
VisualStudioVersion = 17.8.34004.107
MinimumVisualStudioVersion = 10.0.40219.1
Project("{54A90642-561A-4BB1-A94E-469ADEE60C69}") = "adaptive.client", "adaptive.client\adaptive.client.esproj", "{64789CB4-DB39-4AF6-95C5-F756F27B6871}"
EndProject
Project("{9A19103F-16F7-4668-BE54-9A1E7A4F7556}") = "Adaptive.Server", "Adaptive.Server\Adaptive.Server.csproj", "{A249776C-628C-4CB3-ACF0-1BA0D0AE3DC0}"
EndProject
Global
	GlobalSection(SolutionConfigurationPlatforms) = preSolution
		Debug|Any CPU = Debug|Any CPU
		Release|Any CPU = Release|Any CPU
	EndGlobalSection
	GlobalSection(ProjectConfigurationPlatforms) = postSolution
		{64789CB4-DB39-4AF6-95C5-F756F27B6871}.Debug|Any CPU.ActiveCfg = Debug|Any CPU
		{64789CB4-DB39-4AF6-95C5-F756F27B6871}.Debug|Any CPU.Build.0 = Debug|Any CPU
		{64789CB4-DB39-4AF6-95C5-F756F27B6871}.Debug|Any CPU.Deploy.0 = Debug|Any CPU
		{64789CB4-DB39-4AF6-95C5-F756F27B6871}.Release|Any CPU.ActiveCfg = Release|Any CPU
		{64789CB4-DB39-4AF6-95C5-F756F27B6871}.Release|Any CPU.Build.0 = Release|Any CPU
		{64789CB4-DB39-4AF6-95C5-F756F27B6871}.Release|Any CPU.Deploy.0 = Release|Any CPU
		{A249776C-628C-4CB3-ACF0-1BA0D0AE3DC0}.Debug|Any CPU.ActiveCfg = Debug|Any CPU
		{A249776C-628C-4CB3-ACF0-1BA0D0AE3DC0}.Debug|Any CPU.Build.0 = Debug|Any CPU
		{A249776C-628C-4CB3-ACF0-1BA0D0AE3DC0}.Release|Any CPU.ActiveCfg = Release|Any CPU
		{A249776C-628C-4CB3-ACF0-1BA0D0AE3DC0}.Release|Any CPU.Build.0 = Release|Any CPU
	EndGlobalSection
	GlobalSection(SolutionProperties) = preSolution
		HideSolutionNode = FALSE
	EndGlobalSection
	GlobalSection(ExtensibilityGlobals) = postSolution
		SolutionGuid = {D65A4FE1-FA36-4E65-8344-92DF21E567A0}
	EndGlobalSection
EndGlobal
